
Microsoft Visual Studio Solution File, Format Version 12.00
# Visual Studio Version 17
VisualStudioVersion = 17.13.35931.197 d17.13
MinimumVisualStudioVersion = 10.0.40219.1
Project("{FAE04EC0-301F-11D3-BF4B-00C04F79EFBC}") = "WertinatWallify", "WertinatWallify\WertinatWallify.csproj", "{8F61B7A4-1221-465B-84FD-62F332F9DD88}"
EndProject
Global
	GlobalSection(SolutionConfigurationPlatforms) = preSolution
		Debug|Any CPU = Debug|Any CPU
		Release|Any CPU = Release|Any CPU
	EndGlobalSection
	GlobalSection(ProjectConfigurationPlatforms) = postSolution
		{8F61B7A4-1221-465B-84FD-62F332F9DD88}.Debug|Any CPU.ActiveCfg = Debug|Any CPU
		{8F61B7A4-1221-465B-84FD-62F332F9DD88}.Debug|Any CPU.Build.0 = Debug|Any CPU
		{8F61B7A4-1221-465B-84FD-62F332F9DD88}.Debug|Any CPU.Deploy.0 = Debug|Any CPU
		{8F61B7A4-1221-465B-84FD-62F332F9DD88}.Release|Any CPU.ActiveCfg = Release|Any CPU
		{8F61B7A4-1221-465B-84FD-62F332F9DD88}.Release|Any CPU.Build.0 = Release|Any CPU
		{8F61B7A4-1221-465B-84FD-62F332F9DD88}.Release|Any CPU.Deploy.0 = Release|Any CPU
	EndGlobalSection
	GlobalSection(SolutionProperties) = preSolution
		HideSolutionNode = FALSE
	EndGlobalSection
	GlobalSection(ExtensibilityGlobals) = postSolution
		SolutionGuid = {54FA17DB-400E-4F39-BB39-57D983975C12}
	EndGlobalSection
EndGlobal
